
Microsoft Visual Studio Solution File, Format Version 12.00
# Visual Studio Version 17
VisualStudioVersion = 17.11.35327.3
MinimumVisualStudioVersion = 10.0.40219.1
Project("{FAE04EC0-301F-11D3-BF4B-00C04F79EFBC}") = "Kudo", "Kudo\Kudo.csproj", "{5E837BF5-FA83-49D3-B7FB-C83CC946FD4F}"
EndProject
Project("{FAE04EC0-301F-11D3-BF4B-00C04F79EFBC}") = "Kudo.Storage", "Kudo.Storage\Kudo.Storage.csproj", "{07821611-1BC6-4CAA-BBE5-E213560DDB65}"
EndProject
Project("{FAE04EC0-301F-11D3-BF4B-00C04F79EFBC}") = "ConsoleApp1", "ConsoleApp1\ConsoleApp1.csproj", "{3BC0BCD6-C2AF-4CF0-96AB-5FC5821C70E5}"
EndProject
Global
	GlobalSection(SolutionConfigurationPlatforms) = preSolution
		Debug|Any CPU = Debug|Any CPU
		Release|Any CPU = Release|Any CPU
	EndGlobalSection
	GlobalSection(ProjectConfigurationPlatforms) = postSolution
		{5E837BF5-FA83-49D3-B7FB-C83CC946FD4F}.Debug|Any CPU.ActiveCfg = Debug|Any CPU
		{5E837BF5-FA83-49D3-B7FB-C83CC946FD4F}.Debug|Any CPU.Build.0 = Debug|Any CPU
		{5E837BF5-FA83-49D3-B7FB-C83CC946FD4F}.Debug|Any CPU.Deploy.0 = Debug|Any CPU
		{5E837BF5-FA83-49D3-B7FB-C83CC946FD4F}.Release|Any CPU.ActiveCfg = Release|Any CPU
		{5E837BF5-FA83-49D3-B7FB-C83CC946FD4F}.Release|Any CPU.Build.0 = Release|Any CPU
		{5E837BF5-FA83-49D3-B7FB-C83CC946FD4F}.Release|Any CPU.Deploy.0 = Release|Any CPU
		{07821611-1BC6-4CAA-BBE5-E213560DDB65}.Debug|Any CPU.ActiveCfg = Debug|Any CPU
		{07821611-1BC6-4CAA-BBE5-E213560DDB65}.Debug|Any CPU.Build.0 = Debug|Any CPU
		{07821611-1BC6-4CAA-BBE5-E213560DDB65}.Release|Any CPU.ActiveCfg = Release|Any CPU
		{07821611-1BC6-4CAA-BBE5-E213560DDB65}.Release|Any CPU.Build.0 = Release|Any CPU
		{3BC0BCD6-C2AF-4CF0-96AB-5FC5821C70E5}.Debug|Any CPU.ActiveCfg = Debug|Any CPU
		{3BC0BCD6-C2AF-4CF0-96AB-5FC5821C70E5}.Debug|Any CPU.Build.0 = Debug|Any CPU
		{3BC0BCD6-C2AF-4CF0-96AB-5FC5821C70E5}.Release|Any CPU.ActiveCfg = Release|Any CPU
		{3BC0BCD6-C2AF-4CF0-96AB-5FC5821C70E5}.Release|Any CPU.Build.0 = Release|Any CPU
	EndGlobalSection
	GlobalSection(SolutionProperties) = preSolution
		HideSolutionNode = FALSE
	EndGlobalSection
	GlobalSection(ExtensibilityGlobals) = postSolution
		SolutionGuid = {F82D036C-8DAE-4640-928D-C7F105CE5EAA}
	EndGlobalSection
EndGlobal
